
Microsoft Visual Studio Solution File, Format Version 12.00
# Visual Studio Version 17
VisualStudioVersion = 17.1.32228.430
MinimumVisualStudioVersion = 10.0.40219.1
Project("{FAE04EC0-301F-11D3-BF4B-00C04F79EFBC}") = "Denton_CourseProject_Part2", "Denton_CourseProject_Part2.csproj", "{08A46068-608F-4E15-983E-550A12CFC7CE}"
EndProject
Global
	GlobalSection(SolutionConfigurationPlatforms) = preSolution
		Debug|Any CPU = Debug|Any CPU
		Release|Any CPU = Release|Any CPU
	EndGlobalSection
	GlobalSection(ProjectConfigurationPlatforms) = postSolution
		{08A46068-608F-4E15-983E-550A12CFC7CE}.Debug|Any CPU.ActiveCfg = Debug|Any CPU
		{08A46068-608F-4E15-983E-550A12CFC7CE}.Debug|Any CPU.Build.0 = Debug|Any CPU
		{08A46068-608F-4E15-983E-550A12CFC7CE}.Release|Any CPU.ActiveCfg = Release|Any CPU
		{08A46068-608F-4E15-983E-550A12CFC7CE}.Release|Any CPU.Build.0 = Release|Any CPU
	EndGlobalSection
	GlobalSection(SolutionProperties) = preSolution
		HideSolutionNode = FALSE
	EndGlobalSection
	GlobalSection(ExtensibilityGlobals) = postSolution
		SolutionGuid = {74DC1A5F-302A-4A48-B1B1-AB7B652DEBFE}
	EndGlobalSection
EndGlobal
